// !$*UTF8*$!
{
	archiveVersion = 1;
	classes = {
	};
	objectVersion = 50;
	objects = {

/* Begin PBXBuildFile section */
		0415F08724EFA04E00302BDA /* UITableViewCell+NJKChain.m in Sources */ = {isa = PBXBuildFile; fileRef = 0415F06624EFA04E00302BDA /* UITableViewCell+NJKChain.m */; };
		0415F08824EFA04E00302BDA /* UITextField+NJKChain.m in Sources */ = {isa = PBXBuildFile; fileRef = 0415F06724EFA04E00302BDA /* UITextField+NJKChain.m */; };
		0415F08924EFA04E00302BDA /* UIScrollView+NJKChain.m in Sources */ = {isa = PBXBuildFile; fileRef = 0415F06924EFA04E00302BDA /* UIScrollView+NJKChain.m */; };
		0415F08A24EFA04E00302BDA /* UILabel+NJKChain.m in Sources */ = {isa = PBXBuildFile; fileRef = 0415F06E24EFA04E00302BDA /* UILabel+NJKChain.m */; };
		0415F08B24EFA04E00302BDA /* UITextView+NJKChain.m in Sources */ = {isa = PBXBuildFile; fileRef = 0415F06F24EFA04E00302BDA /* UITextView+NJKChain.m */; };
		0415F08C24EFA04E00302BDA /* UICollectionView+NJKChain.m in Sources */ = {isa = PBXBuildFile; fileRef = 0415F07024EFA04E00302BDA /* UICollectionView+NJKChain.m */; };
		0415F08D24EFA04E00302BDA /* UIView+NJKChain.m in Sources */ = {isa = PBXBuildFile; fileRef = 0415F07124EFA04E00302BDA /* UIView+NJKChain.m */; };
		0415F08E24EFA04E00302BDA /* UIButton+NJKChain.m in Sources */ = {isa = PBXBuildFile; fileRef = 0415F07424EFA04E00302BDA /* UIButton+NJKChain.m */; };
		0415F08F24EFA04E00302BDA /* UITableView+NJKChain.m in Sources */ = {isa = PBXBuildFile; fileRef = 0415F07624EFA04E00302BDA /* UITableView+NJKChain.m */; };
		0415F09024EFA04E00302BDA /* UICollectionViewFlowLayout+NJKChain.m in Sources */ = {isa = PBXBuildFile; fileRef = 0415F07824EFA04E00302BDA /* UICollectionViewFlowLayout+NJKChain.m */; };
		0415F09124EFA04E00302BDA /* UICollectionViewCell+NJKChain.m in Sources */ = {isa = PBXBuildFile; fileRef = 0415F07924EFA04E00302BDA /* UICollectionViewCell+NJKChain.m */; };
		0415F09224EFA04E00302BDA /* UIImageView+NJKChain.m in Sources */ = {isa = PBXBuildFile; fileRef = 0415F07A24EFA04E00302BDA /* UIImageView+NJKChain.m */; };
		0415F09324EFA04E00302BDA /* UIImage+NJKImage.m in Sources */ = {isa = PBXBuildFile; fileRef = 0415F07E24EFA04E00302BDA /* UIImage+NJKImage.m */; };
		0415F09424EFA04E00302BDA /* UIView+NJKView.m in Sources */ = {isa = PBXBuildFile; fileRef = 0415F08124EFA04E00302BDA /* UIView+NJKView.m */; };
		0415F09524EFA04E00302BDA /* UILabel+NJKLabel.m in Sources */ = {isa = PBXBuildFile; fileRef = 0415F08224EFA04E00302BDA /* UILabel+NJKLabel.m */; };
		0415F09624EFA04E00302BDA /* UIButton+NJKButton.m in Sources */ = {isa = PBXBuildFile; fileRef = 0415F08324EFA04E00302BDA /* UIButton+NJKButton.m */; };
		0415F09724EFA04E00302BDA /* NSString+NJKString.m in Sources */ = {isa = PBXBuildFile; fileRef = 0415F08424EFA04E00302BDA /* NSString+NJKString.m */; };
		04484B1C214A6B1A004B397C /* AppDelegate.m in Sources */ = {isa = PBXBuildFile; fileRef = 04484B1B214A6B1A004B397C /* AppDelegate.m */; };
		04484B1F214A6B1A004B397C /* ViewController.m in Sources */ = {isa = PBXBuildFile; fileRef = 04484B1E214A6B1A004B397C /* ViewController.m */; };
		04484B24214A6B1B004B397C /* Assets.xcassets in Resources */ = {isa = PBXBuildFile; fileRef = 04484B23214A6B1B004B397C /* Assets.xcassets */; };
		04484B2A214A6B1B004B397C /* main.m in Sources */ = {isa = PBXBuildFile; fileRef = 04484B29214A6B1B004B397C /* main.m */; };
/* End PBXBuildFile section */

/* Begin PBXFileReference section */
		0415F06024EFA04E00302BDA /* NJK_Kit.h */ = {isa = PBXFileReference; fileEncoding = 4; lastKnownFileType = sourcecode.c.h; path = NJK_Kit.h; sourceTree = "<group>"; };
		0415F06224EFA04E00302BDA /* UICollectionView+NJKChain.h */ = {isa = PBXFileReference; fileEncoding = 4; lastKnownFileType = sourcecode.c.h; path = "UICollectionView+NJKChain.h"; sourceTree = "<group>"; };
		0415F06324EFA04E00302BDA /* UITextView+NJKChain.h */ = {isa = PBXFileReference; fileEncoding = 4; lastKnownFileType = sourcecode.c.h; path = "UITextView+NJKChain.h"; sourceTree = "<group>"; };
		0415F06424EFA04E00302BDA /* UILabel+NJKChain.h */ = {isa = PBXFileReference; fileEncoding = 4; lastKnownFileType = sourcecode.c.h; path = "UILabel+NJKChain.h"; sourceTree = "<group>"; };
		0415F06524EFA04E00302BDA /* UIButton+NJKChain.h */ = {isa = PBXFileReference; fileEncoding = 4; lastKnownFileType = sourcecode.c.h; path = "UIButton+NJKChain.h"; sourceTree = "<group>"; };
		0415F06624EFA04E00302BDA /* UITableViewCell+NJKChain.m */ = {isa = PBXFileReference; fileEncoding = 4; lastKnownFileType = sourcecode.c.objc; path = "UITableViewCell+NJKChain.m"; sourceTree = "<group>"; };
		0415F06724EFA04E00302BDA /* UITextField+NJKChain.m */ = {isa = PBXFileReference; fileEncoding = 4; lastKnownFileType = sourcecode.c.objc; path = "UITextField+NJKChain.m"; sourceTree = "<group>"; };
		0415F06824EFA04E00302BDA /* UIView+NJKChain.h */ = {isa = PBXFileReference; fileEncoding = 4; lastKnownFileType = sourcecode.c.h; path = "UIView+NJKChain.h"; sourceTree = "<group>"; };
		0415F06924EFA04E00302BDA /* UIScrollView+NJKChain.m */ = {isa = PBXFileReference; fileEncoding = 4; lastKnownFileType = sourcecode.c.objc; path = "UIScrollView+NJKChain.m"; sourceTree = "<group>"; };
		0415F06A24EFA04E00302BDA /* UITableView+NJKChain.h */ = {isa = PBXFileReference; fileEncoding = 4; lastKnownFileType = sourcecode.c.h; path = "UITableView+NJKChain.h"; sourceTree = "<group>"; };
		0415F06B24EFA04E00302BDA /* UIImageView+NJKChain.h */ = {isa = PBXFileReference; fileEncoding = 4; lastKnownFileType = sourcecode.c.h; path = "UIImageView+NJKChain.h"; sourceTree = "<group>"; };
		0415F06C24EFA04E00302BDA /* UICollectionViewFlowLayout+NJKChain.h */ = {isa = PBXFileReference; fileEncoding = 4; lastKnownFileType = sourcecode.c.h; path = "UICollectionViewFlowLayout+NJKChain.h"; sourceTree = "<group>"; };
		0415F06D24EFA04E00302BDA /* UICollectionViewCell+NJKChain.h */ = {isa = PBXFileReference; fileEncoding = 4; lastKnownFileType = sourcecode.c.h; path = "UICollectionViewCell+NJKChain.h"; sourceTree = "<group>"; };
		0415F06E24EFA04E00302BDA /* UILabel+NJKChain.m */ = {isa = PBXFileReference; fileEncoding = 4; lastKnownFileType = sourcecode.c.objc; path = "UILabel+NJKChain.m"; sourceTree = "<group>"; };
		0415F06F24EFA04E00302BDA /* UITextView+NJKChain.m */ = {isa = PBXFileReference; fileEncoding = 4; lastKnownFileType = sourcecode.c.objc; path = "UITextView+NJKChain.m"; sourceTree = "<group>"; };
		0415F07024EFA04E00302BDA /* UICollectionView+NJKChain.m */ = {isa = PBXFileReference; fileEncoding = 4; lastKnownFileType = sourcecode.c.objc; path = "UICollectionView+NJKChain.m"; sourceTree = "<group>"; };
		0415F07124EFA04E00302BDA /* UIView+NJKChain.m */ = {isa = PBXFileReference; fileEncoding = 4; lastKnownFileType = sourcecode.c.objc; path = "UIView+NJKChain.m"; sourceTree = "<group>"; };
		0415F07224EFA04E00302BDA /* UITableViewCell+NJKChain.h */ = {isa = PBXFileReference; fileEncoding = 4; lastKnownFileType = sourcecode.c.h; path = "UITableViewCell+NJKChain.h"; sourceTree = "<group>"; };
		0415F07324EFA04E00302BDA /* UITextField+NJKChain.h */ = {isa = PBXFileReference; fileEncoding = 4; lastKnownFileType = sourcecode.c.h; path = "UITextField+NJKChain.h"; sourceTree = "<group>"; };
		0415F07424EFA04E00302BDA /* UIButton+NJKChain.m */ = {isa = PBXFileReference; fileEncoding = 4; lastKnownFileType = sourcecode.c.objc; path = "UIButton+NJKChain.m"; sourceTree = "<group>"; };
		0415F07524EFA04E00302BDA /* NJK_Chain.h */ = {isa = PBXFileReference; fileEncoding = 4; lastKnownFileType = sourcecode.c.h; path = NJK_Chain.h; sourceTree = "<group>"; };
		0415F07624EFA04E00302BDA /* UITableView+NJKChain.m */ = {isa = PBXFileReference; fileEncoding = 4; lastKnownFileType = sourcecode.c.objc; path = "UITableView+NJKChain.m"; sourceTree = "<group>"; };
		0415F07724EFA04E00302BDA /* UIScrollView+NJKChain.h */ = {isa = PBXFileReference; fileEncoding = 4; lastKnownFileType = sourcecode.c.h; path = "UIScrollView+NJKChain.h"; sourceTree = "<group>"; };
		0415F07824EFA04E00302BDA /* UICollectionViewFlowLayout+NJKChain.m */ = {isa = PBXFileReference; fileEncoding = 4; lastKnownFileType = sourcecode.c.objc; path = "UICollectionViewFlowLayout+NJKChain.m"; sourceTree = "<group>"; };
		0415F07924EFA04E00302BDA /* UICollectionViewCell+NJKChain.m */ = {isa = PBXFileReference; fileEncoding = 4; lastKnownFileType = sourcecode.c.objc; path = "UICollectionViewCell+NJKChain.m"; sourceTree = "<group>"; };
		0415F07A24EFA04E00302BDA /* UIImageView+NJKChain.m */ = {isa = PBXFileReference; fileEncoding = 4; lastKnownFileType = sourcecode.c.objc; path = "UIImageView+NJKChain.m"; sourceTree = "<group>"; };
		0415F07C24EFA04E00302BDA /* UIButton+NJKButton.h */ = {isa = PBXFileReference; fileEncoding = 4; lastKnownFileType = sourcecode.c.h; path = "UIButton+NJKButton.h"; sourceTree = "<group>"; };
		0415F07D24EFA04E00302BDA /* UILabel+NJKLabel.h */ = {isa = PBXFileReference; fileEncoding = 4; lastKnownFileType = sourcecode.c.h; path = "UILabel+NJKLabel.h"; sourceTree = "<group>"; };
		0415F07E24EFA04E00302BDA /* UIImage+NJKImage.m */ = {isa = PBXFileReference; fileEncoding = 4; lastKnownFileType = sourcecode.c.objc; path = "UIImage+NJKImage.m"; sourceTree = "<group>"; };
		0415F07F24EFA04E00302BDA /* NSString+NJKString.h */ = {isa = PBXFileReference; fileEncoding = 4; lastKnownFileType = sourcecode.c.h; path = "NSString+NJKString.h"; sourceTree = "<group>"; };
		0415F08024EFA04E00302BDA /* NJK_Category.h */ = {isa = PBXFileReference; fileEncoding = 4; lastKnownFileType = sourcecode.c.h; path = NJK_Category.h; sourceTree = "<group>"; };
		0415F08124EFA04E00302BDA /* UIView+NJKView.m */ = {isa = PBXFileReference; fileEncoding = 4; lastKnownFileType = sourcecode.c.objc; path = "UIView+NJKView.m"; sourceTree = "<group>"; };
		0415F08224EFA04E00302BDA /* UILabel+NJKLabel.m */ = {isa = PBXFileReference; fileEncoding = 4; lastKnownFileType = sourcecode.c.objc; path = "UILabel+NJKLabel.m"; sourceTree = "<group>"; };
		0415F08324EFA04E00302BDA /* UIButton+NJKButton.m */ = {isa = PBXFileReference; fileEncoding = 4; lastKnownFileType = sourcecode.c.objc; path = "UIButton+NJKButton.m"; sourceTree = "<group>"; };
		0415F08424EFA04E00302BDA /* NSString+NJKString.m */ = {isa = PBXFileReference; fileEncoding = 4; lastKnownFileType = sourcecode.c.objc; path = "NSString+NJKString.m"; sourceTree = "<group>"; };
		0415F08524EFA04E00302BDA /* UIImage+NJKImage.h */ = {isa = PBXFileReference; fileEncoding = 4; lastKnownFileType = sourcecode.c.h; path = "UIImage+NJKImage.h"; sourceTree = "<group>"; };
		0415F08624EFA04E00302BDA /* UIView+NJKView.h */ = {isa = PBXFileReference; fileEncoding = 4; lastKnownFileType = sourcecode.c.h; path = "UIView+NJKView.h"; sourceTree = "<group>"; };
		04484B17214A6B19004B397C /* NJKCategory.app */ = {isa = PBXFileReference; explicitFileType = wrapper.application; includeInIndex = 0; path = NJKCategory.app; sourceTree = BUILT_PRODUCTS_DIR; };
		04484B1A214A6B1A004B397C /* AppDelegate.h */ = {isa = PBXFileReference; lastKnownFileType = sourcecode.c.h; path = AppDelegate.h; sourceTree = "<group>"; };
		04484B1B214A6B1A004B397C /* AppDelegate.m */ = {isa = PBXFileReference; lastKnownFileType = sourcecode.c.objc; path = AppDelegate.m; sourceTree = "<group>"; };
		04484B1D214A6B1A004B397C /* ViewController.h */ = {isa = PBXFileReference; lastKnownFileType = sourcecode.c.h; path = ViewController.h; sourceTree = "<group>"; };
		04484B1E214A6B1A004B397C /* ViewController.m */ = {isa = PBXFileReference; lastKnownFileType = sourcecode.c.objc; path = ViewController.m; sourceTree = "<group>"; };
		04484B23214A6B1B004B397C /* Assets.xcassets */ = {isa = PBXFileReference; lastKnownFileType = folder.assetcatalog; path = Assets.xcassets; sourceTree = "<group>"; };
		04484B28214A6B1B004B397C /* Info.plist */ = {isa = PBXFileReference; lastKnownFileType = text.plist.xml; path = Info.plist; sourceTree = "<group>"; };
		04484B29214A6B1B004B397C /* main.m */ = {isa = PBXFileReference; lastKnownFileType = sourcecode.c.objc; path = main.m; sourceTree = "<group>"; };
/* End PBXFileReference section */

/* Begin PBXFrameworksBuildPhase section */
		04484B14214A6B19004B397C /* Frameworks */ = {
			isa = PBXFrameworksBuildPhase;
			buildActionMask = 2147483647;
			files = (
			);
			runOnlyForDeploymentPostprocessing = 0;
		};
/* End PBXFrameworksBuildPhase section */

/* Begin PBXGroup section */
		0415F06124EFA04E00302BDA /* Chain */ = {
			isa = PBXGroup;
			children = (
				0415F06224EFA04E00302BDA /* UICollectionView+NJKChain.h */,
				0415F06324EFA04E00302BDA /* UITextView+NJKChain.h */,
				0415F06424EFA04E00302BDA /* UILabel+NJKChain.h */,
				0415F06524EFA04E00302BDA /* UIButton+NJKChain.h */,
				0415F06624EFA04E00302BDA /* UITableViewCell+NJKChain.m */,
				0415F06724EFA04E00302BDA /* UITextField+NJKChain.m */,
				0415F06824EFA04E00302BDA /* UIView+NJKChain.h */,
				0415F06924EFA04E00302BDA /* UIScrollView+NJKChain.m */,
				0415F06A24EFA04E00302BDA /* UITableView+NJKChain.h */,
				0415F06B24EFA04E00302BDA /* UIImageView+NJKChain.h */,
				0415F06C24EFA04E00302BDA /* UICollectionViewFlowLayout+NJKChain.h */,
				0415F06D24EFA04E00302BDA /* UICollectionViewCell+NJKChain.h */,
				0415F06E24EFA04E00302BDA /* UILabel+NJKChain.m */,
				0415F06F24EFA04E00302BDA /* UITextView+NJKChain.m */,
				0415F07024EFA04E00302BDA /* UICollectionView+NJKChain.m */,
				0415F07124EFA04E00302BDA /* UIView+NJKChain.m */,
				0415F07224EFA04E00302BDA /* UITableViewCell+NJKChain.h */,
				0415F07324EFA04E00302BDA /* UITextField+NJKChain.h */,
				0415F07424EFA04E00302BDA /* UIButton+NJKChain.m */,
				0415F07524EFA04E00302BDA /* NJK_Chain.h */,
				0415F07624EFA04E00302BDA /* UITableView+NJKChain.m */,
				0415F07724EFA04E00302BDA /* UIScrollView+NJKChain.h */,
				0415F07824EFA04E00302BDA /* UICollectionViewFlowLayout+NJKChain.m */,
				0415F07924EFA04E00302BDA /* UICollectionViewCell+NJKChain.m */,
				0415F07A24EFA04E00302BDA /* UIImageView+NJKChain.m */,
			);
			path = Chain;
			sourceTree = "<group>";
		};
		0415F07B24EFA04E00302BDA /* Category */ = {
			isa = PBXGroup;
			children = (
				0415F07C24EFA04E00302BDA /* UIButton+NJKButton.h */,
				0415F07D24EFA04E00302BDA /* UILabel+NJKLabel.h */,
				0415F07E24EFA04E00302BDA /* UIImage+NJKImage.m */,
				0415F07F24EFA04E00302BDA /* NSString+NJKString.h */,
				0415F08024EFA04E00302BDA /* NJK_Category.h */,
				0415F08124EFA04E00302BDA /* UIView+NJKView.m */,
				0415F08224EFA04E00302BDA /* UILabel+NJKLabel.m */,
				0415F08324EFA04E00302BDA /* UIButton+NJKButton.m */,
				0415F08424EFA04E00302BDA /* NSString+NJKString.m */,
				0415F08524EFA04E00302BDA /* UIImage+NJKImage.h */,
				0415F08624EFA04E00302BDA /* UIView+NJKView.h */,
			);
			path = Category;
			sourceTree = "<group>";
		};
		04484B0E214A6B19004B397C = {
			isa = PBXGroup;
			children = (
				04484B4C214A6BD2004B397C /* NJK_Category */,
				04484B19214A6B19004B397C /* NJKCategory */,
				04484B18214A6B19004B397C /* Products */,
			);
			sourceTree = "<group>";
		};
		04484B18214A6B19004B397C /* Products */ = {
			isa = PBXGroup;
			children = (
				04484B17214A6B19004B397C /* NJKCategory.app */,
			);
			name = Products;
			sourceTree = "<group>";
		};
		04484B19214A6B19004B397C /* NJKCategory */ = {
			isa = PBXGroup;
			children = (
				04484B1A214A6B1A004B397C /* AppDelegate.h */,
				04484B1B214A6B1A004B397C /* AppDelegate.m */,
				04484B1D214A6B1A004B397C /* ViewController.h */,
				04484B1E214A6B1A004B397C /* ViewController.m */,
				04484B23214A6B1B004B397C /* Assets.xcassets */,
				04484B28214A6B1B004B397C /* Info.plist */,
				04484B29214A6B1B004B397C /* main.m */,
			);
			path = NJKCategory;
			sourceTree = "<group>";
		};
		04484B4C214A6BD2004B397C /* NJK_Category */ = {
			isa = PBXGroup;
			children = (
				0415F07B24EFA04E00302BDA /* Category */,
				0415F06124EFA04E00302BDA /* Chain */,
				0415F06024EFA04E00302BDA /* NJK_Kit.h */,
			);
			path = NJK_Category;
			sourceTree = "<group>";
		};
/* End PBXGroup section */

/* Begin PBXNativeTarget section */
		04484B16214A6B19004B397C /* NJKCategory */ = {
			isa = PBXNativeTarget;
			buildConfigurationList = 04484B43214A6B1B004B397C /* Build configuration list for PBXNativeTarget "NJKCategory" */;
			buildPhases = (
				04484B13214A6B19004B397C /* Sources */,
				04484B14214A6B19004B397C /* Frameworks */,
				04484B15214A6B19004B397C /* Resources */,
			);
			buildRules = (
			);
			dependencies = (
			);
			name = NJKCategory;
			productName = NJKCategory;
			productReference = 04484B17214A6B19004B397C /* NJKCategory.app */;
			productType = "com.apple.product-type.application";
		};
/* End PBXNativeTarget section */

/* Begin PBXProject section */
		04484B0F214A6B19004B397C /* Project object */ = {
			isa = PBXProject;
			attributes = {
				LastUpgradeCheck = 0940;
				ORGANIZATIONNAME = NJK;
				TargetAttributes = {
					04484B16214A6B19004B397C = {
						CreatedOnToolsVersion = 9.4;
					};
				};
			};
			buildConfigurationList = 04484B12214A6B19004B397C /* Build configuration list for PBXProject "NJKCategory" */;
			compatibilityVersion = "Xcode 9.3";
			developmentRegion = en;
			hasScannedForEncodings = 0;
			knownRegions = (
				en,
				Base,
			);
			mainGroup = 04484B0E214A6B19004B397C;
			productRefGroup = 04484B18214A6B19004B397C /* Products */;
			projectDirPath = "";
			projectRoot = "";
			targets = (
				04484B16214A6B19004B397C /* NJKCategory */,
			);
		};
/* End PBXProject section */

/* Begin PBXResourcesBuildPhase section */
		04484B15214A6B19004B397C /* Resources */ = {
			isa = PBXResourcesBuildPhase;
			buildActionMask = 2147483647;
			files = (
				04484B24214A6B1B004B397C /* Assets.xcassets in Resources */,
			);
			runOnlyForDeploymentPostprocessing = 0;
		};
/* End PBXResourcesBuildPhase section */

/* Begin PBXSourcesBuildPhase section */
		04484B13214A6B19004B397C /* Sources */ = {
			isa = PBXSourcesBuildPhase;
			buildActionMask = 2147483647;
			files = (
				04484B1F214A6B1A004B397C /* ViewController.m in Sources */,
				0415F09424EFA04E00302BDA /* UIView+NJKView.m in Sources */,
				04484B2A214A6B1B004B397C /* main.m in Sources */,
				0415F09524EFA04E00302BDA /* UILabel+NJKLabel.m in Sources */,
				0415F09624EFA04E00302BDA /* UIButton+NJKButton.m in Sources */,
				0415F08824EFA04E00302BDA /* UITextField+NJKChain.m in Sources */,
				0415F09224EFA04E00302BDA /* UIImageView+NJKChain.m in Sources */,
				0415F08F24EFA04E00302BDA /* UITableView+NJKChain.m in Sources */,
				0415F08924EFA04E00302BDA /* UIScrollView+NJKChain.m in Sources */,
				04484B1C214A6B1A004B397C /* AppDelegate.m in Sources */,
				0415F08724EFA04E00302BDA /* UITableViewCell+NJKChain.m in Sources */,
				0415F08C24EFA04E00302BDA /* UICollectionView+NJKChain.m in Sources */,
				0415F08A24EFA04E00302BDA /* UILabel+NJKChain.m in Sources */,
				0415F08D24EFA04E00302BDA /* UIView+NJKChain.m in Sources */,
				0415F08B24EFA04E00302BDA /* UITextView+NJKChain.m in Sources */,
				0415F09024EFA04E00302BDA /* UICollectionViewFlowLayout+NJKChain.m in Sources */,
				0415F09724EFA04E00302BDA /* NSString+NJKString.m in Sources */,
				0415F09124EFA04E00302BDA /* UICollectionViewCell+NJKChain.m in Sources */,
				0415F08E24EFA04E00302BDA /* UIButton+NJKChain.m in Sources */,
				0415F09324EFA04E00302BDA /* UIImage+NJKImage.m in Sources */,
			);
			runOnlyForDeploymentPostprocessing = 0;
		};
/* End PBXSourcesBuildPhase section */

/* Begin XCBuildConfiguration section */
		04484B41214A6B1B004B397C /* Debug */ = {
			isa = XCBuildConfiguration;
			buildSettings = {
				ALWAYS_SEARCH_USER_PATHS = NO;
				CLANG_ANALYZER_NONNULL = YES;
				CLANG_ANALYZER_NUMBER_OBJECT_CONVERSION = YES_AGGRESSIVE;
				CLANG_CXX_LANGUAGE_STANDARD = "gnu++14";
				CLANG_CXX_LIBRARY = "libc++";
				CLANG_ENABLE_MODULES = YES;
				CLANG_ENABLE_OBJC_ARC = YES;
				CLANG_ENABLE_OBJC_WEAK = YES;
				CLANG_WARN_BLOCK_CAPTURE_AUTORELEASING = YES;
				CLANG_WARN_BOOL_CONVERSION = YES;
				CLANG_WARN_COMMA = YES;
				CLANG_WARN_CONSTANT_CONVERSION = YES;
				CLANG_WARN_DEPRECATED_OBJC_IMPLEMENTATIONS = YES;
				CLANG_WARN_DIRECT_OBJC_ISA_USAGE = YES_ERROR;
				CLANG_WARN_DOCUMENTATION_COMMENTS = YES;
				CLANG_WARN_EMPTY_BODY = YES;
				CLANG_WARN_ENUM_CONVERSION = YES;
				CLANG_WARN_INFINITE_RECURSION = YES;
				CLANG_WARN_INT_CONVERSION = YES;
				CLANG_WARN_NON_LITERAL_NULL_CONVERSION = YES;
				CLANG_WARN_OBJC_IMPLICIT_RETAIN_SELF = YES;
				CLANG_WARN_OBJC_LITERAL_CONVERSION = YES;
				CLANG_WARN_OBJC_ROOT_CLASS = YES_ERROR;
				CLANG_WARN_RANGE_LOOP_ANALYSIS = YES;
				CLANG_WARN_STRICT_PROTOTYPES = YES;
				CLANG_WARN_SUSPICIOUS_MOVE = YES;
				CLANG_WARN_UNGUARDED_AVAILABILITY = YES_AGGRESSIVE;
				CLANG_WARN_UNREACHABLE_CODE = YES;
				CLANG_WARN__DUPLICATE_METHOD_MATCH = YES;
				CODE_SIGN_IDENTITY = "iPhone Developer";
				COPY_PHASE_STRIP = NO;
				DEBUG_INFORMATION_FORMAT = dwarf;
				ENABLE_STRICT_OBJC_MSGSEND = YES;
				ENABLE_TESTABILITY = YES;
				GCC_C_LANGUAGE_STANDARD = gnu11;
				GCC_DYNAMIC_NO_PIC = NO;
				GCC_NO_COMMON_BLOCKS = YES;
				GCC_OPTIMIZATION_LEVEL = 0;
				GCC_PREPROCESSOR_DEFINITIONS = (
					"DEBUG=1",
					"$(inherited)",
				);
				GCC_WARN_64_TO_32_BIT_CONVERSION = YES;
				GCC_WARN_ABOUT_RETURN_TYPE = YES_ERROR;
				GCC_WARN_UNDECLARED_SELECTOR = YES;
				GCC_WARN_UNINITIALIZED_AUTOS = YES_AGGRESSIVE;
				GCC_WARN_UNUSED_FUNCTION = YES;
				GCC_WARN_UNUSED_VARIABLE = YES;
				IPHONEOS_DEPLOYMENT_TARGET = 11.4;
				MTL_ENABLE_DEBUG_INFO = YES;
				ONLY_ACTIVE_ARCH = YES;
				SDKROOT = iphoneos;
			};
			name = Debug;
		};
		04484B42214A6B1B004B397C /* Release */ = {
			isa = XCBuildConfiguration;
			buildSettings = {
				ALWAYS_SEARCH_USER_PATHS = NO;
				CLANG_ANALYZER_NONNULL = YES;
				CLANG_ANALYZER_NUMBER_OBJECT_CONVERSION = YES_AGGRESSIVE;
				CLANG_CXX_LANGUAGE_STANDARD = "gnu++14";
				CLANG_CXX_LIBRARY = "libc++";
				CLANG_ENABLE_MODULES = YES;
				CLANG_ENABLE_OBJC_ARC = YES;
				CLANG_ENABLE_OBJC_WEAK = YES;
				CLANG_WARN_BLOCK_CAPTURE_AUTORELEASING = YES;
				CLANG_WARN_BOOL_CONVERSION = YES;
				CLANG_WARN_COMMA = YES;
				CLANG_WARN_CONSTANT_CONVERSION = YES;
				CLANG_WARN_DEPRECATED_OBJC_IMPLEMENTATIONS = YES;
				CLANG_WARN_DIRECT_OBJC_ISA_USAGE = YES_ERROR;
				CLANG_WARN_DOCUMENTATION_COMMENTS = YES;
				CLANG_WARN_EMPTY_BODY = YES;
				CLANG_WARN_ENUM_CONVERSION = YES;
				CLANG_WARN_INFINITE_RECURSION = YES;
				CLANG_WARN_INT_CONVERSION = YES;
				CLANG_WARN_NON_LITERAL_NULL_CONVERSION = YES;
				CLANG_WARN_OBJC_IMPLICIT_RETAIN_SELF = YES;
				CLANG_WARN_OBJC_LITERAL_CONVERSION = YES;
				CLANG_WARN_OBJC_ROOT_CLASS = YES_ERROR;
				CLANG_WARN_RANGE_LOOP_ANALYSIS = YES;
				CLANG_WARN_STRICT_PROTOTYPES = YES;
				CLANG_WARN_SUSPICIOUS_MOVE = YES;
				CLANG_WARN_UNGUARDED_AVAILABILITY = YES_AGGRESSIVE;
				CLANG_WARN_UNREACHABLE_CODE = YES;
				CLANG_WARN__DUPLICATE_METHOD_MATCH = YES;
				CODE_SIGN_IDENTITY = "iPhone Developer";
				COPY_PHASE_STRIP = NO;
				DEBUG_INFORMATION_FORMAT = "dwarf-with-dsym";
				ENABLE_NS_ASSERTIONS = NO;
				ENABLE_STRICT_OBJC_MSGSEND = YES;
				GCC_C_LANGUAGE_STANDARD = gnu11;
				GCC_NO_COMMON_BLOCKS = YES;
				GCC_WARN_64_TO_32_BIT_CONVERSION = YES;
				GCC_WARN_ABOUT_RETURN_TYPE = YES_ERROR;
				GCC_WARN_UNDECLARED_SELECTOR = YES;
				GCC_WARN_UNINITIALIZED_AUTOS = YES_AGGRESSIVE;
				GCC_WARN_UNUSED_FUNCTION = YES;
				GCC_WARN_UNUSED_VARIABLE = YES;
				IPHONEOS_DEPLOYMENT_TARGET = 11.4;
				MTL_ENABLE_DEBUG_INFO = NO;
				SDKROOT = iphoneos;
				VALIDATE_PRODUCT = YES;
			};
			name = Release;
		};
		04484B44214A6B1B004B397C /* Debug */ = {
			isa = XCBuildConfiguration;
			buildSettings = {
				ASSETCATALOG_COMPILER_APPICON_NAME = AppIcon;
				ASSETCATALOG_COMPILER_LAUNCHIMAGE_NAME = LaunchImage;
				CODE_SIGN_STYLE = Automatic;
				DEVELOPMENT_TEAM = 8BB8T9A948;
				INFOPLIST_FILE = NJKCategory/Info.plist;
				LD_RUNPATH_SEARCH_PATHS = (
					"$(inherited)",
					"@executable_path/Frameworks",
				);
				PRODUCT_BUNDLE_IDENTIFIER = com.shenshi.NJKCategory;
				PRODUCT_NAME = "$(TARGET_NAME)";
				TARGETED_DEVICE_FAMILY = "1,2";
			};
			name = Debug;
		};
		04484B45214A6B1B004B397C /* Release */ = {
			isa = XCBuildConfiguration;
			buildSettings = {
				ASSETCATALOG_COMPILER_APPICON_NAME = AppIcon;
				ASSETCATALOG_COMPILER_LAUNCHIMAGE_NAME = LaunchImage;
				CODE_SIGN_STYLE = Automatic;
				DEVELOPMENT_TEAM = 8BB8T9A948;
				INFOPLIST_FILE = NJKCategory/Info.plist;
				LD_RUNPATH_SEARCH_PATHS = (
					"$(inherited)",
					"@executable_path/Frameworks",
				);
				PRODUCT_BUNDLE_IDENTIFIER = com.shenshi.NJKCategory;
				PRODUCT_NAME = "$(TARGET_NAME)";
				TARGETED_DEVICE_FAMILY = "1,2";
			};
			name = Release;
		};
/* End XCBuildConfiguration section */

/* Begin XCConfigurationList section */
		04484B12214A6B19004B397C /* Build configuration list for PBXProject "NJKCategory" */ = {
			isa = XCConfigurationList;
			buildConfigurations = (
				04484B41214A6B1B004B397C /* Debug */,
				04484B42214A6B1B004B397C /* Release */,
			);
			defaultConfigurationIsVisible = 0;
			defaultConfigurationName = Release;
		};
		04484B43214A6B1B004B397C /* Build configuration list for PBXNativeTarget "NJKCategory" */ = {
			isa = XCConfigurationList;
			buildConfigurations = (
				04484B44214A6B1B004B397C /* Debug */,
				04484B45214A6B1B004B397C /* Release */,
			);
			defaultConfigurationIsVisible = 0;
			defaultConfigurationName = Release;
		};
/* End XCConfigurationList section */
	};
	rootObject = 04484B0F214A6B19004B397C /* Project object */;
}
