// !$*UTF8*$!
{
	archiveVersion = 1;
	classes = {
	};
	objectVersion = 50;
	objects = {

/* Begin PBXBuildFile section */
		04484B1C214A6B1A004B397C /* AppDelegate.m in Sources */ = {isa = PBXBuildFile; fileRef = 04484B1B214A6B1A004B397C /* AppDelegate.m */; };
		04484B1F214A6B1A004B397C /* ViewController.m in Sources */ = {isa = PBXBuildFile; fileRef = 04484B1E214A6B1A004B397C /* ViewController.m */; };
		04484B22214A6B1A004B397C /* Main.storyboard in Resources */ = {isa = PBXBuildFile; fileRef = 04484B20214A6B1A004B397C /* Main.storyboard */; };
		04484B24214A6B1B004B397C /* Assets.xcassets in Resources */ = {isa = PBXBuildFile; fileRef = 04484B23214A6B1B004B397C /* Assets.xcassets */; };
		04484B27214A6B1B004B397C /* LaunchScreen.storyboard in Resources */ = {isa = PBXBuildFile; fileRef = 04484B25214A6B1B004B397C /* LaunchScreen.storyboard */; };
		04484B2A214A6B1B004B397C /* main.m in Sources */ = {isa = PBXBuildFile; fileRef = 04484B29214A6B1B004B397C /* main.m */; };
		04484B34214A6B1B004B397C /* NJKCategoryTests.m in Sources */ = {isa = PBXBuildFile; fileRef = 04484B33214A6B1B004B397C /* NJKCategoryTests.m */; };
		04484B3F214A6B1B004B397C /* NJKCategoryUITests.m in Sources */ = {isa = PBXBuildFile; fileRef = 04484B3E214A6B1B004B397C /* NJKCategoryUITests.m */; };
		04484B51214A6BD2004B397C /* UIView+JKNViewModel.m in Sources */ = {isa = PBXBuildFile; fileRef = 04484B4F214A6BD2004B397C /* UIView+JKNViewModel.m */; };
		04484B52214A6BD2004B397C /* UIButton+JKNButton.m in Sources */ = {isa = PBXBuildFile; fileRef = 04484B50214A6BD2004B397C /* UIButton+JKNButton.m */; };
/* End PBXBuildFile section */

/* Begin PBXContainerItemProxy section */
		04484B30214A6B1B004B397C /* PBXContainerItemProxy */ = {
			isa = PBXContainerItemProxy;
			containerPortal = 04484B0F214A6B19004B397C /* Project object */;
			proxyType = 1;
			remoteGlobalIDString = 04484B16214A6B19004B397C;
			remoteInfo = NJKCategory;
		};
		04484B3B214A6B1B004B397C /* PBXContainerItemProxy */ = {
			isa = PBXContainerItemProxy;
			containerPortal = 04484B0F214A6B19004B397C /* Project object */;
			proxyType = 1;
			remoteGlobalIDString = 04484B16214A6B19004B397C;
			remoteInfo = NJKCategory;
		};
/* End PBXContainerItemProxy section */

/* Begin PBXFileReference section */
		04484B17214A6B19004B397C /* NJKCategory.app */ = {isa = PBXFileReference; explicitFileType = wrapper.application; includeInIndex = 0; path = NJKCategory.app; sourceTree = BUILT_PRODUCTS_DIR; };
		04484B1A214A6B1A004B397C /* AppDelegate.h */ = {isa = PBXFileReference; lastKnownFileType = sourcecode.c.h; path = AppDelegate.h; sourceTree = "<group>"; };
		04484B1B214A6B1A004B397C /* AppDelegate.m */ = {isa = PBXFileReference; lastKnownFileType = sourcecode.c.objc; path = AppDelegate.m; sourceTree = "<group>"; };
		04484B1D214A6B1A004B397C /* ViewController.h */ = {isa = PBXFileReference; lastKnownFileType = sourcecode.c.h; path = ViewController.h; sourceTree = "<group>"; };
		04484B1E214A6B1A004B397C /* ViewController.m */ = {isa = PBXFileReference; lastKnownFileType = sourcecode.c.objc; path = ViewController.m; sourceTree = "<group>"; };
		04484B21214A6B1A004B397C /* Base */ = {isa = PBXFileReference; lastKnownFileType = file.storyboard; name = Base; path = Base.lproj/Main.storyboard; sourceTree = "<group>"; };
		04484B23214A6B1B004B397C /* Assets.xcassets */ = {isa = PBXFileReference; lastKnownFileType = folder.assetcatalog; path = Assets.xcassets; sourceTree = "<group>"; };
		04484B26214A6B1B004B397C /* Base */ = {isa = PBXFileReference; lastKnownFileType = file.storyboard; name = Base; path = Base.lproj/LaunchScreen.storyboard; sourceTree = "<group>"; };
		04484B28214A6B1B004B397C /* Info.plist */ = {isa = PBXFileReference; lastKnownFileType = text.plist.xml; path = Info.plist; sourceTree = "<group>"; };
		04484B29214A6B1B004B397C /* main.m */ = {isa = PBXFileReference; lastKnownFileType = sourcecode.c.objc; path = main.m; sourceTree = "<group>"; };
		04484B2F214A6B1B004B397C /* NJKCategoryTests.xctest */ = {isa = PBXFileReference; explicitFileType = wrapper.cfbundle; includeInIndex = 0; path = NJKCategoryTests.xctest; sourceTree = BUILT_PRODUCTS_DIR; };
		04484B33214A6B1B004B397C /* NJKCategoryTests.m */ = {isa = PBXFileReference; lastKnownFileType = sourcecode.c.objc; path = NJKCategoryTests.m; sourceTree = "<group>"; };
		04484B35214A6B1B004B397C /* Info.plist */ = {isa = PBXFileReference; lastKnownFileType = text.plist.xml; path = Info.plist; sourceTree = "<group>"; };
		04484B3A214A6B1B004B397C /* NJKCategoryUITests.xctest */ = {isa = PBXFileReference; explicitFileType = wrapper.cfbundle; includeInIndex = 0; path = NJKCategoryUITests.xctest; sourceTree = BUILT_PRODUCTS_DIR; };
		04484B3E214A6B1B004B397C /* NJKCategoryUITests.m */ = {isa = PBXFileReference; lastKnownFileType = sourcecode.c.objc; path = NJKCategoryUITests.m; sourceTree = "<group>"; };
		04484B40214A6B1B004B397C /* Info.plist */ = {isa = PBXFileReference; lastKnownFileType = text.plist.xml; path = Info.plist; sourceTree = "<group>"; };
		04484B4D214A6BD2004B397C /* UIView+JKNViewModel.h */ = {isa = PBXFileReference; fileEncoding = 4; lastKnownFileType = sourcecode.c.h; path = "UIView+JKNViewModel.h"; sourceTree = "<group>"; };
		04484B4E214A6BD2004B397C /* UIButton+JKNButton.h */ = {isa = PBXFileReference; fileEncoding = 4; lastKnownFileType = sourcecode.c.h; path = "UIButton+JKNButton.h"; sourceTree = "<group>"; };
		04484B4F214A6BD2004B397C /* UIView+JKNViewModel.m */ = {isa = PBXFileReference; fileEncoding = 4; lastKnownFileType = sourcecode.c.objc; path = "UIView+JKNViewModel.m"; sourceTree = "<group>"; };
		04484B50214A6BD2004B397C /* UIButton+JKNButton.m */ = {isa = PBXFileReference; fileEncoding = 4; lastKnownFileType = sourcecode.c.objc; path = "UIButton+JKNButton.m"; sourceTree = "<group>"; };
/* End PBXFileReference section */

/* Begin PBXFrameworksBuildPhase section */
		04484B14214A6B19004B397C /* Frameworks */ = {
			isa = PBXFrameworksBuildPhase;
			buildActionMask = 2147483647;
			files = (
			);
			runOnlyForDeploymentPostprocessing = 0;
		};
		04484B2C214A6B1B004B397C /* Frameworks */ = {
			isa = PBXFrameworksBuildPhase;
			buildActionMask = 2147483647;
			files = (
			);
			runOnlyForDeploymentPostprocessing = 0;
		};
		04484B37214A6B1B004B397C /* Frameworks */ = {
			isa = PBXFrameworksBuildPhase;
			buildActionMask = 2147483647;
			files = (
			);
			runOnlyForDeploymentPostprocessing = 0;
		};
/* End PBXFrameworksBuildPhase section */

/* Begin PBXGroup section */
		04484B0E214A6B19004B397C = {
			isa = PBXGroup;
			children = (
				04484B4C214A6BD2004B397C /* NJK_Category */,
				04484B19214A6B19004B397C /* NJKCategory */,
				04484B32214A6B1B004B397C /* NJKCategoryTests */,
				04484B3D214A6B1B004B397C /* NJKCategoryUITests */,
				04484B18214A6B19004B397C /* Products */,
			);
			sourceTree = "<group>";
		};
		04484B18214A6B19004B397C /* Products */ = {
			isa = PBXGroup;
			children = (
				04484B17214A6B19004B397C /* NJKCategory.app */,
				04484B2F214A6B1B004B397C /* NJKCategoryTests.xctest */,
				04484B3A214A6B1B004B397C /* NJKCategoryUITests.xctest */,
			);
			name = Products;
			sourceTree = "<group>";
		};
		04484B19214A6B19004B397C /* NJKCategory */ = {
			isa = PBXGroup;
			children = (
				04484B1A214A6B1A004B397C /* AppDelegate.h */,
				04484B1B214A6B1A004B397C /* AppDelegate.m */,
				04484B1D214A6B1A004B397C /* ViewController.h */,
				04484B1E214A6B1A004B397C /* ViewController.m */,
				04484B20214A6B1A004B397C /* Main.storyboard */,
				04484B23214A6B1B004B397C /* Assets.xcassets */,
				04484B25214A6B1B004B397C /* LaunchScreen.storyboard */,
				04484B28214A6B1B004B397C /* Info.plist */,
				04484B29214A6B1B004B397C /* main.m */,
			);
			path = NJKCategory;
			sourceTree = "<group>";
		};
		04484B32214A6B1B004B397C /* NJKCategoryTests */ = {
			isa = PBXGroup;
			children = (
				04484B33214A6B1B004B397C /* NJKCategoryTests.m */,
				04484B35214A6B1B004B397C /* Info.plist */,
			);
			path = NJKCategoryTests;
			sourceTree = "<group>";
		};
		04484B3D214A6B1B004B397C /* NJKCategoryUITests */ = {
			isa = PBXGroup;
			children = (
				04484B3E214A6B1B004B397C /* NJKCategoryUITests.m */,
				04484B40214A6B1B004B397C /* Info.plist */,
			);
			path = NJKCategoryUITests;
			sourceTree = "<group>";
		};
		04484B4C214A6BD2004B397C /* NJK_Category */ = {
			isa = PBXGroup;
			children = (
				04484B4D214A6BD2004B397C /* UIView+JKNViewModel.h */,
				04484B4E214A6BD2004B397C /* UIButton+JKNButton.h */,
				04484B4F214A6BD2004B397C /* UIView+JKNViewModel.m */,
				04484B50214A6BD2004B397C /* UIButton+JKNButton.m */,
			);
			path = NJK_Category;
			sourceTree = "<group>";
		};
/* End PBXGroup section */

/* Begin PBXNativeTarget section */
		04484B16214A6B19004B397C /* NJKCategory */ = {
			isa = PBXNativeTarget;
			buildConfigurationList = 04484B43214A6B1B004B397C /* Build configuration list for PBXNativeTarget "NJKCategory" */;
			buildPhases = (
				04484B13214A6B19004B397C /* Sources */,
				04484B14214A6B19004B397C /* Frameworks */,
				04484B15214A6B19004B397C /* Resources */,
			);
			buildRules = (
			);
			dependencies = (
			);
			name = NJKCategory;
			productName = NJKCategory;
			productReference = 04484B17214A6B19004B397C /* NJKCategory.app */;
			productType = "com.apple.product-type.application";
		};
		04484B2E214A6B1B004B397C /* NJKCategoryTests */ = {
			isa = PBXNativeTarget;
			buildConfigurationList = 04484B46214A6B1B004B397C /* Build configuration list for PBXNativeTarget "NJKCategoryTests" */;
			buildPhases = (
				04484B2B214A6B1B004B397C /* Sources */,
				04484B2C214A6B1B004B397C /* Frameworks */,
				04484B2D214A6B1B004B397C /* Resources */,
			);
			buildRules = (
			);
			dependencies = (
				04484B31214A6B1B004B397C /* PBXTargetDependency */,
			);
			name = NJKCategoryTests;
			productName = NJKCategoryTests;
			productReference = 04484B2F214A6B1B004B397C /* NJKCategoryTests.xctest */;
			productType = "com.apple.product-type.bundle.unit-test";
		};
		04484B39214A6B1B004B397C /* NJKCategoryUITests */ = {
			isa = PBXNativeTarget;
			buildConfigurationList = 04484B49214A6B1B004B397C /* Build configuration list for PBXNativeTarget "NJKCategoryUITests" */;
			buildPhases = (
				04484B36214A6B1B004B397C /* Sources */,
				04484B37214A6B1B004B397C /* Frameworks */,
				04484B38214A6B1B004B397C /* Resources */,
			);
			buildRules = (
			);
			dependencies = (
				04484B3C214A6B1B004B397C /* PBXTargetDependency */,
			);
			name = NJKCategoryUITests;
			productName = NJKCategoryUITests;
			productReference = 04484B3A214A6B1B004B397C /* NJKCategoryUITests.xctest */;
			productType = "com.apple.product-type.bundle.ui-testing";
		};
/* End PBXNativeTarget section */

/* Begin PBXProject section */
		04484B0F214A6B19004B397C /* Project object */ = {
			isa = PBXProject;
			attributes = {
				LastUpgradeCheck = 0940;
				ORGANIZATIONNAME = NJK;
				TargetAttributes = {
					04484B16214A6B19004B397C = {
						CreatedOnToolsVersion = 9.4;
					};
					04484B2E214A6B1B004B397C = {
						CreatedOnToolsVersion = 9.4;
						TestTargetID = 04484B16214A6B19004B397C;
					};
					04484B39214A6B1B004B397C = {
						CreatedOnToolsVersion = 9.4;
						TestTargetID = 04484B16214A6B19004B397C;
					};
				};
			};
			buildConfigurationList = 04484B12214A6B19004B397C /* Build configuration list for PBXProject "NJKCategory" */;
			compatibilityVersion = "Xcode 9.3";
			developmentRegion = en;
			hasScannedForEncodings = 0;
			knownRegions = (
				en,
				Base,
			);
			mainGroup = 04484B0E214A6B19004B397C;
			productRefGroup = 04484B18214A6B19004B397C /* Products */;
			projectDirPath = "";
			projectRoot = "";
			targets = (
				04484B16214A6B19004B397C /* NJKCategory */,
				04484B2E214A6B1B004B397C /* NJKCategoryTests */,
				04484B39214A6B1B004B397C /* NJKCategoryUITests */,
			);
		};
/* End PBXProject section */

/* Begin PBXResourcesBuildPhase section */
		04484B15214A6B19004B397C /* Resources */ = {
			isa = PBXResourcesBuildPhase;
			buildActionMask = 2147483647;
			files = (
				04484B27214A6B1B004B397C /* LaunchScreen.storyboard in Resources */,
				04484B24214A6B1B004B397C /* Assets.xcassets in Resources */,
				04484B22214A6B1A004B397C /* Main.storyboard in Resources */,
			);
			runOnlyForDeploymentPostprocessing = 0;
		};
		04484B2D214A6B1B004B397C /* Resources */ = {
			isa = PBXResourcesBuildPhase;
			buildActionMask = 2147483647;
			files = (
			);
			runOnlyForDeploymentPostprocessing = 0;
		};
		04484B38214A6B1B004B397C /* Resources */ = {
			isa = PBXResourcesBuildPhase;
			buildActionMask = 2147483647;
			files = (
			);
			runOnlyForDeploymentPostprocessing = 0;
		};
/* End PBXResourcesBuildPhase section */

/* Begin PBXSourcesBuildPhase section */
		04484B13214A6B19004B397C /* Sources */ = {
			isa = PBXSourcesBuildPhase;
			buildActionMask = 2147483647;
			files = (
				04484B1F214A6B1A004B397C /* ViewController.m in Sources */,
				04484B2A214A6B1B004B397C /* main.m in Sources */,
				04484B1C214A6B1A004B397C /* AppDelegate.m in Sources */,
				04484B51214A6BD2004B397C /* UIView+JKNViewModel.m in Sources */,
				04484B52214A6BD2004B397C /* UIButton+JKNButton.m in Sources */,
			);
			runOnlyForDeploymentPostprocessing = 0;
		};
		04484B2B214A6B1B004B397C /* Sources */ = {
			isa = PBXSourcesBuildPhase;
			buildActionMask = 2147483647;
			files = (
				04484B34214A6B1B004B397C /* NJKCategoryTests.m in Sources */,
			);
			runOnlyForDeploymentPostprocessing = 0;
		};
		04484B36214A6B1B004B397C /* Sources */ = {
			isa = PBXSourcesBuildPhase;
			buildActionMask = 2147483647;
			files = (
				04484B3F214A6B1B004B397C /* NJKCategoryUITests.m in Sources */,
			);
			runOnlyForDeploymentPostprocessing = 0;
		};
/* End PBXSourcesBuildPhase section */

/* Begin PBXTargetDependency section */
		04484B31214A6B1B004B397C /* PBXTargetDependency */ = {
			isa = PBXTargetDependency;
			target = 04484B16214A6B19004B397C /* NJKCategory */;
			targetProxy = 04484B30214A6B1B004B397C /* PBXContainerItemProxy */;
		};
		04484B3C214A6B1B004B397C /* PBXTargetDependency */ = {
			isa = PBXTargetDependency;
			target = 04484B16214A6B19004B397C /* NJKCategory */;
			targetProxy = 04484B3B214A6B1B004B397C /* PBXContainerItemProxy */;
		};
/* End PBXTargetDependency section */

/* Begin PBXVariantGroup section */
		04484B20214A6B1A004B397C /* Main.storyboard */ = {
			isa = PBXVariantGroup;
			children = (
				04484B21214A6B1A004B397C /* Base */,
			);
			name = Main.storyboard;
			sourceTree = "<group>";
		};
		04484B25214A6B1B004B397C /* LaunchScreen.storyboard */ = {
			isa = PBXVariantGroup;
			children = (
				04484B26214A6B1B004B397C /* Base */,
			);
			name = LaunchScreen.storyboard;
			sourceTree = "<group>";
		};
/* End PBXVariantGroup section */

/* Begin XCBuildConfiguration section */
		04484B41214A6B1B004B397C /* Debug */ = {
			isa = XCBuildConfiguration;
			buildSettings = {
				ALWAYS_SEARCH_USER_PATHS = NO;
				CLANG_ANALYZER_NONNULL = YES;
				CLANG_ANALYZER_NUMBER_OBJECT_CONVERSION = YES_AGGRESSIVE;
				CLANG_CXX_LANGUAGE_STANDARD = "gnu++14";
				CLANG_CXX_LIBRARY = "libc++";
				CLANG_ENABLE_MODULES = YES;
				CLANG_ENABLE_OBJC_ARC = YES;
				CLANG_ENABLE_OBJC_WEAK = YES;
				CLANG_WARN_BLOCK_CAPTURE_AUTORELEASING = YES;
				CLANG_WARN_BOOL_CONVERSION = YES;
				CLANG_WARN_COMMA = YES;
				CLANG_WARN_CONSTANT_CONVERSION = YES;
				CLANG_WARN_DEPRECATED_OBJC_IMPLEMENTATIONS = YES;
				CLANG_WARN_DIRECT_OBJC_ISA_USAGE = YES_ERROR;
				CLANG_WARN_DOCUMENTATION_COMMENTS = YES;
				CLANG_WARN_EMPTY_BODY = YES;
				CLANG_WARN_ENUM_CONVERSION = YES;
				CLANG_WARN_INFINITE_RECURSION = YES;
				CLANG_WARN_INT_CONVERSION = YES;
				CLANG_WARN_NON_LITERAL_NULL_CONVERSION = YES;
				CLANG_WARN_OBJC_IMPLICIT_RETAIN_SELF = YES;
				CLANG_WARN_OBJC_LITERAL_CONVERSION = YES;
				CLANG_WARN_OBJC_ROOT_CLASS = YES_ERROR;
				CLANG_WARN_RANGE_LOOP_ANALYSIS = YES;
				CLANG_WARN_STRICT_PROTOTYPES = YES;
				CLANG_WARN_SUSPICIOUS_MOVE = YES;
				CLANG_WARN_UNGUARDED_AVAILABILITY = YES_AGGRESSIVE;
				CLANG_WARN_UNREACHABLE_CODE = YES;
				CLANG_WARN__DUPLICATE_METHOD_MATCH = YES;
				CODE_SIGN_IDENTITY = "iPhone Developer";
				COPY_PHASE_STRIP = NO;
				DEBUG_INFORMATION_FORMAT = dwarf;
				ENABLE_STRICT_OBJC_MSGSEND = YES;
				ENABLE_TESTABILITY = YES;
				GCC_C_LANGUAGE_STANDARD = gnu11;
				GCC_DYNAMIC_NO_PIC = NO;
				GCC_NO_COMMON_BLOCKS = YES;
				GCC_OPTIMIZATION_LEVEL = 0;
				GCC_PREPROCESSOR_DEFINITIONS = (
					"DEBUG=1",
					"$(inherited)",
				);
				GCC_WARN_64_TO_32_BIT_CONVERSION = YES;
				GCC_WARN_ABOUT_RETURN_TYPE = YES_ERROR;
				GCC_WARN_UNDECLARED_SELECTOR = YES;
				GCC_WARN_UNINITIALIZED_AUTOS = YES_AGGRESSIVE;
				GCC_WARN_UNUSED_FUNCTION = YES;
				GCC_WARN_UNUSED_VARIABLE = YES;
				IPHONEOS_DEPLOYMENT_TARGET = 11.4;
				MTL_ENABLE_DEBUG_INFO = YES;
				ONLY_ACTIVE_ARCH = YES;
				SDKROOT = iphoneos;
			};
			name = Debug;
		};
		04484B42214A6B1B004B397C /* Release */ = {
			isa = XCBuildConfiguration;
			buildSettings = {
				ALWAYS_SEARCH_USER_PATHS = NO;
				CLANG_ANALYZER_NONNULL = YES;
				CLANG_ANALYZER_NUMBER_OBJECT_CONVERSION = YES_AGGRESSIVE;
				CLANG_CXX_LANGUAGE_STANDARD = "gnu++14";
				CLANG_CXX_LIBRARY = "libc++";
				CLANG_ENABLE_MODULES = YES;
				CLANG_ENABLE_OBJC_ARC = YES;
				CLANG_ENABLE_OBJC_WEAK = YES;
				CLANG_WARN_BLOCK_CAPTURE_AUTORELEASING = YES;
				CLANG_WARN_BOOL_CONVERSION = YES;
				CLANG_WARN_COMMA = YES;
				CLANG_WARN_CONSTANT_CONVERSION = YES;
				CLANG_WARN_DEPRECATED_OBJC_IMPLEMENTATIONS = YES;
				CLANG_WARN_DIRECT_OBJC_ISA_USAGE = YES_ERROR;
				CLANG_WARN_DOCUMENTATION_COMMENTS = YES;
				CLANG_WARN_EMPTY_BODY = YES;
				CLANG_WARN_ENUM_CONVERSION = YES;
				CLANG_WARN_INFINITE_RECURSION = YES;
				CLANG_WARN_INT_CONVERSION = YES;
				CLANG_WARN_NON_LITERAL_NULL_CONVERSION = YES;
				CLANG_WARN_OBJC_IMPLICIT_RETAIN_SELF = YES;
				CLANG_WARN_OBJC_LITERAL_CONVERSION = YES;
				CLANG_WARN_OBJC_ROOT_CLASS = YES_ERROR;
				CLANG_WARN_RANGE_LOOP_ANALYSIS = YES;
				CLANG_WARN_STRICT_PROTOTYPES = YES;
				CLANG_WARN_SUSPICIOUS_MOVE = YES;
				CLANG_WARN_UNGUARDED_AVAILABILITY = YES_AGGRESSIVE;
				CLANG_WARN_UNREACHABLE_CODE = YES;
				CLANG_WARN__DUPLICATE_METHOD_MATCH = YES;
				CODE_SIGN_IDENTITY = "iPhone Developer";
				COPY_PHASE_STRIP = NO;
				DEBUG_INFORMATION_FORMAT = "dwarf-with-dsym";
				ENABLE_NS_ASSERTIONS = NO;
				ENABLE_STRICT_OBJC_MSGSEND = YES;
				GCC_C_LANGUAGE_STANDARD = gnu11;
				GCC_NO_COMMON_BLOCKS = YES;
				GCC_WARN_64_TO_32_BIT_CONVERSION = YES;
				GCC_WARN_ABOUT_RETURN_TYPE = YES_ERROR;
				GCC_WARN_UNDECLARED_SELECTOR = YES;
				GCC_WARN_UNINITIALIZED_AUTOS = YES_AGGRESSIVE;
				GCC_WARN_UNUSED_FUNCTION = YES;
				GCC_WARN_UNUSED_VARIABLE = YES;
				IPHONEOS_DEPLOYMENT_TARGET = 11.4;
				MTL_ENABLE_DEBUG_INFO = NO;
				SDKROOT = iphoneos;
				VALIDATE_PRODUCT = YES;
			};
			name = Release;
		};
		04484B44214A6B1B004B397C /* Debug */ = {
			isa = XCBuildConfiguration;
			buildSettings = {
				ASSETCATALOG_COMPILER_APPICON_NAME = AppIcon;
				CODE_SIGN_STYLE = Automatic;
				DEVELOPMENT_TEAM = 8BB8T9A948;
				INFOPLIST_FILE = NJKCategory/Info.plist;
				LD_RUNPATH_SEARCH_PATHS = (
					"$(inherited)",
					"@executable_path/Frameworks",
				);
				PRODUCT_BUNDLE_IDENTIFIER = com.shenshi.NJKCategory;
				PRODUCT_NAME = "$(TARGET_NAME)";
				TARGETED_DEVICE_FAMILY = "1,2";
			};
			name = Debug;
		};
		04484B45214A6B1B004B397C /* Release */ = {
			isa = XCBuildConfiguration;
			buildSettings = {
				ASSETCATALOG_COMPILER_APPICON_NAME = AppIcon;
				CODE_SIGN_STYLE = Automatic;
				DEVELOPMENT_TEAM = 8BB8T9A948;
				INFOPLIST_FILE = NJKCategory/Info.plist;
				LD_RUNPATH_SEARCH_PATHS = (
					"$(inherited)",
					"@executable_path/Frameworks",
				);
				PRODUCT_BUNDLE_IDENTIFIER = com.shenshi.NJKCategory;
				PRODUCT_NAME = "$(TARGET_NAME)";
				TARGETED_DEVICE_FAMILY = "1,2";
			};
			name = Release;
		};
		04484B47214A6B1B004B397C /* Debug */ = {
			isa = XCBuildConfiguration;
			buildSettings = {
				BUNDLE_LOADER = "$(TEST_HOST)";
				CODE_SIGN_STYLE = Automatic;
				DEVELOPMENT_TEAM = 8BB8T9A948;
				INFOPLIST_FILE = NJKCategoryTests/Info.plist;
				LD_RUNPATH_SEARCH_PATHS = (
					"$(inherited)",
					"@executable_path/Frameworks",
					"@loader_path/Frameworks",
				);
				PRODUCT_BUNDLE_IDENTIFIER = com.shenshi.NJKCategoryTests;
				PRODUCT_NAME = "$(TARGET_NAME)";
				TARGETED_DEVICE_FAMILY = "1,2";
				TEST_HOST = "$(BUILT_PRODUCTS_DIR)/NJKCategory.app/NJKCategory";
			};
			name = Debug;
		};
		04484B48214A6B1B004B397C /* Release */ = {
			isa = XCBuildConfiguration;
			buildSettings = {
				BUNDLE_LOADER = "$(TEST_HOST)";
				CODE_SIGN_STYLE = Automatic;
				DEVELOPMENT_TEAM = 8BB8T9A948;
				INFOPLIST_FILE = NJKCategoryTests/Info.plist;
				LD_RUNPATH_SEARCH_PATHS = (
					"$(inherited)",
					"@executable_path/Frameworks",
					"@loader_path/Frameworks",
				);
				PRODUCT_BUNDLE_IDENTIFIER = com.shenshi.NJKCategoryTests;
				PRODUCT_NAME = "$(TARGET_NAME)";
				TARGETED_DEVICE_FAMILY = "1,2";
				TEST_HOST = "$(BUILT_PRODUCTS_DIR)/NJKCategory.app/NJKCategory";
			};
			name = Release;
		};
		04484B4A214A6B1B004B397C /* Debug */ = {
			isa = XCBuildConfiguration;
			buildSettings = {
				CODE_SIGN_STYLE = Automatic;
				DEVELOPMENT_TEAM = 8BB8T9A948;
				INFOPLIST_FILE = NJKCategoryUITests/Info.plist;
				LD_RUNPATH_SEARCH_PATHS = (
					"$(inherited)",
					"@executable_path/Frameworks",
					"@loader_path/Frameworks",
				);
				PRODUCT_BUNDLE_IDENTIFIER = com.shenshi.NJKCategoryUITests;
				PRODUCT_NAME = "$(TARGET_NAME)";
				TARGETED_DEVICE_FAMILY = "1,2";
				TEST_TARGET_NAME = NJKCategory;
			};
			name = Debug;
		};
		04484B4B214A6B1B004B397C /* Release */ = {
			isa = XCBuildConfiguration;
			buildSettings = {
				CODE_SIGN_STYLE = Automatic;
				DEVELOPMENT_TEAM = 8BB8T9A948;
				INFOPLIST_FILE = NJKCategoryUITests/Info.plist;
				LD_RUNPATH_SEARCH_PATHS = (
					"$(inherited)",
					"@executable_path/Frameworks",
					"@loader_path/Frameworks",
				);
				PRODUCT_BUNDLE_IDENTIFIER = com.shenshi.NJKCategoryUITests;
				PRODUCT_NAME = "$(TARGET_NAME)";
				TARGETED_DEVICE_FAMILY = "1,2";
				TEST_TARGET_NAME = NJKCategory;
			};
			name = Release;
		};
/* End XCBuildConfiguration section */

/* Begin XCConfigurationList section */
		04484B12214A6B19004B397C /* Build configuration list for PBXProject "NJKCategory" */ = {
			isa = XCConfigurationList;
			buildConfigurations = (
				04484B41214A6B1B004B397C /* Debug */,
				04484B42214A6B1B004B397C /* Release */,
			);
			defaultConfigurationIsVisible = 0;
			defaultConfigurationName = Release;
		};
		04484B43214A6B1B004B397C /* Build configuration list for PBXNativeTarget "NJKCategory" */ = {
			isa = XCConfigurationList;
			buildConfigurations = (
				04484B44214A6B1B004B397C /* Debug */,
				04484B45214A6B1B004B397C /* Release */,
			);
			defaultConfigurationIsVisible = 0;
			defaultConfigurationName = Release;
		};
		04484B46214A6B1B004B397C /* Build configuration list for PBXNativeTarget "NJKCategoryTests" */ = {
			isa = XCConfigurationList;
			buildConfigurations = (
				04484B47214A6B1B004B397C /* Debug */,
				04484B48214A6B1B004B397C /* Release */,
			);
			defaultConfigurationIsVisible = 0;
			defaultConfigurationName = Release;
		};
		04484B49214A6B1B004B397C /* Build configuration list for PBXNativeTarget "NJKCategoryUITests" */ = {
			isa = XCConfigurationList;
			buildConfigurations = (
				04484B4A214A6B1B004B397C /* Debug */,
				04484B4B214A6B1B004B397C /* Release */,
			);
			defaultConfigurationIsVisible = 0;
			defaultConfigurationName = Release;
		};
/* End XCConfigurationList section */
	};
	rootObject = 04484B0F214A6B19004B397C /* Project object */;
}
